
Microsoft Visual Studio Solution File, Format Version 12.00
# Visual Studio Version 16
VisualStudioVersion = 16.0.31624.102
MinimumVisualStudioVersion = 10.0.40219.1
Project("{FAE04EC0-301F-11D3-BF4B-00C04F79EFBC}") = "lesson3", "lesson3\lesson3.csproj", "{96F4C6C1-5ACE-48A5-BF6F-6A8AC20F125B}"
EndProject
Global
	GlobalSection(SolutionConfigurationPlatforms) = preSolution
		Debug|Any CPU = Debug|Any CPU
		Release|Any CPU = Release|Any CPU
	EndGlobalSection
	GlobalSection(ProjectConfigurationPlatforms) = postSolution
		{96F4C6C1-5ACE-48A5-BF6F-6A8AC20F125B}.Debug|Any CPU.ActiveCfg = Debug|Any CPU
		{96F4C6C1-5ACE-48A5-BF6F-6A8AC20F125B}.Debug|Any CPU.Build.0 = Debug|Any CPU
		{96F4C6C1-5ACE-48A5-BF6F-6A8AC20F125B}.Release|Any CPU.ActiveCfg = Release|Any CPU
		{96F4C6C1-5ACE-48A5-BF6F-6A8AC20F125B}.Release|Any CPU.Build.0 = Release|Any CPU
	EndGlobalSection
	GlobalSection(SolutionProperties) = preSolution
		HideSolutionNode = FALSE
	EndGlobalSection
	GlobalSection(ExtensibilityGlobals) = postSolution
		SolutionGuid = {EB921491-38B7-4BB4-B440-AA4E613DA7B9}
	EndGlobalSection
EndGlobal
